
Microsoft Visual Studio Solution File, Format Version 12.00
# Visual Studio Version 17
VisualStudioVersion = 17.10.35027.167
MinimumVisualStudioVersion = 10.0.40219.1
Project("{FAE04EC0-301F-11D3-BF4B-00C04F79EFBC}") = "test2", "test2\test2.csproj", "{68620F79-1297-4BFD-BC32-3943780E8F47}"
EndProject
Global
	GlobalSection(SolutionConfigurationPlatforms) = preSolution
		Debug|Any CPU = Debug|Any CPU
		Release|Any CPU = Release|Any CPU
	EndGlobalSection
	GlobalSection(ProjectConfigurationPlatforms) = postSolution
		{68620F79-1297-4BFD-BC32-3943780E8F47}.Debug|Any CPU.ActiveCfg = Debug|Any CPU
		{68620F79-1297-4BFD-BC32-3943780E8F47}.Debug|Any CPU.Build.0 = Debug|Any CPU
		{68620F79-1297-4BFD-BC32-3943780E8F47}.Release|Any CPU.ActiveCfg = Release|Any CPU
		{68620F79-1297-4BFD-BC32-3943780E8F47}.Release|Any CPU.Build.0 = Release|Any CPU
	EndGlobalSection
	GlobalSection(SolutionProperties) = preSolution
		HideSolutionNode = FALSE
	EndGlobalSection
	GlobalSection(ExtensibilityGlobals) = postSolution
		SolutionGuid = {AFD5F57D-2317-4C91-89B1-1604B348C47B}
	EndGlobalSection
EndGlobal
