
Microsoft Visual Studio Solution File, Format Version 12.00
# Visual Studio Version 17
VisualStudioVersion = 17.11.35208.52
MinimumVisualStudioVersion = 10.0.40219.1
Project("{FAE04EC0-301F-11D3-BF4B-00C04F79EFBC}") = "DB_Backend", "DB_Backend.csproj", "{1A3ABB13-2E41-44E2-9D01-F293DD0B51B3}"
EndProject
Global
	GlobalSection(SolutionConfigurationPlatforms) = preSolution
		Debug|Any CPU = Debug|Any CPU
		Release|Any CPU = Release|Any CPU
	EndGlobalSection
	GlobalSection(ProjectConfigurationPlatforms) = postSolution
		{1A3ABB13-2E41-44E2-9D01-F293DD0B51B3}.Debug|Any CPU.ActiveCfg = Debug|Any CPU
		{1A3ABB13-2E41-44E2-9D01-F293DD0B51B3}.Debug|Any CPU.Build.0 = Debug|Any CPU
		{1A3ABB13-2E41-44E2-9D01-F293DD0B51B3}.Release|Any CPU.ActiveCfg = Release|Any CPU
		{1A3ABB13-2E41-44E2-9D01-F293DD0B51B3}.Release|Any CPU.Build.0 = Release|Any CPU
	EndGlobalSection
	GlobalSection(SolutionProperties) = preSolution
		HideSolutionNode = FALSE
	EndGlobalSection
	GlobalSection(ExtensibilityGlobals) = postSolution
		SolutionGuid = {651B52AF-7A6D-43DE-8507-9A5B6B946E45}
	EndGlobalSection
EndGlobal
